
Microsoft Visual Studio Solution File, Format Version 12.00
# Visual Studio Version 17
VisualStudioVersion = 17.11.35208.52
MinimumVisualStudioVersion = 10.0.40219.1
Project("{FAE04EC0-301F-11D3-BF4B-00C04F79EFBC}") = "Project0201", "Project0201\Project0201.csproj", "{8C72B9EB-2809-4F38-A444-6A9C899FAACF}"
EndProject
Global
	GlobalSection(SolutionConfigurationPlatforms) = preSolution
		Debug|Any CPU = Debug|Any CPU
		Release|Any CPU = Release|Any CPU
	EndGlobalSection
	GlobalSection(ProjectConfigurationPlatforms) = postSolution
		{8C72B9EB-2809-4F38-A444-6A9C899FAACF}.Debug|Any CPU.ActiveCfg = Debug|Any CPU
		{8C72B9EB-2809-4F38-A444-6A9C899FAACF}.Debug|Any CPU.Build.0 = Debug|Any CPU
		{8C72B9EB-2809-4F38-A444-6A9C899FAACF}.Release|Any CPU.ActiveCfg = Release|Any CPU
		{8C72B9EB-2809-4F38-A444-6A9C899FAACF}.Release|Any CPU.Build.0 = Release|Any CPU
	EndGlobalSection
	GlobalSection(SolutionProperties) = preSolution
		HideSolutionNode = FALSE
	EndGlobalSection
	GlobalSection(ExtensibilityGlobals) = postSolution
		SolutionGuid = {D632093B-04DB-4F6B-8387-69D92DC528DD}
	EndGlobalSection
EndGlobal
