
Microsoft Visual Studio Solution File, Format Version 12.00
# Visual Studio Version 17
VisualStudioVersion = 17.11.35208.52
MinimumVisualStudioVersion = 10.0.40219.1
Project("{FAE04EC0-301F-11D3-BF4B-00C04F79EFBC}") = "Project05-02", "Project05-02\Project05-02.csproj", "{A0E05467-B5B8-4739-87A6-DD81815EC2C7}"
EndProject
Global
	GlobalSection(SolutionConfigurationPlatforms) = preSolution
		Debug|Any CPU = Debug|Any CPU
		Release|Any CPU = Release|Any CPU
	EndGlobalSection
	GlobalSection(ProjectConfigurationPlatforms) = postSolution
		{A0E05467-B5B8-4739-87A6-DD81815EC2C7}.Debug|Any CPU.ActiveCfg = Debug|Any CPU
		{A0E05467-B5B8-4739-87A6-DD81815EC2C7}.Debug|Any CPU.Build.0 = Debug|Any CPU
		{A0E05467-B5B8-4739-87A6-DD81815EC2C7}.Release|Any CPU.ActiveCfg = Release|Any CPU
		{A0E05467-B5B8-4739-87A6-DD81815EC2C7}.Release|Any CPU.Build.0 = Release|Any CPU
	EndGlobalSection
	GlobalSection(SolutionProperties) = preSolution
		HideSolutionNode = FALSE
	EndGlobalSection
	GlobalSection(ExtensibilityGlobals) = postSolution
		SolutionGuid = {5FE83F2E-03FB-48D0-A6A8-2AE6216C0F4B}
	EndGlobalSection
EndGlobal
