
Microsoft Visual Studio Solution File, Format Version 12.00
# Visual Studio Version 17
VisualStudioVersion = 17.11.35208.52
MinimumVisualStudioVersion = 10.0.40219.1
Project("{FAE04EC0-301F-11D3-BF4B-00C04F79EFBC}") = "AccountBalanceCalculator", "AccountBalanceCalculator\AccountBalanceCalculator.csproj", "{FF49EE18-FB19-42F7-85A3-AC16F2DB55BD}"
EndProject
Global
	GlobalSection(SolutionConfigurationPlatforms) = preSolution
		Debug|Any CPU = Debug|Any CPU
		Release|Any CPU = Release|Any CPU
	EndGlobalSection
	GlobalSection(ProjectConfigurationPlatforms) = postSolution
		{FF49EE18-FB19-42F7-85A3-AC16F2DB55BD}.Debug|Any CPU.ActiveCfg = Debug|Any CPU
		{FF49EE18-FB19-42F7-85A3-AC16F2DB55BD}.Debug|Any CPU.Build.0 = Debug|Any CPU
		{FF49EE18-FB19-42F7-85A3-AC16F2DB55BD}.Release|Any CPU.ActiveCfg = Release|Any CPU
		{FF49EE18-FB19-42F7-85A3-AC16F2DB55BD}.Release|Any CPU.Build.0 = Release|Any CPU
	EndGlobalSection
	GlobalSection(SolutionProperties) = preSolution
		HideSolutionNode = FALSE
	EndGlobalSection
	GlobalSection(ExtensibilityGlobals) = postSolution
		SolutionGuid = {399CBAD5-8A96-40BF-B7DE-8D604CC50D82}
	EndGlobalSection
EndGlobal
