
Microsoft Visual Studio Solution File, Format Version 12.00
# Visual Studio Version 17
VisualStudioVersion = 17.11.35208.52
MinimumVisualStudioVersion = 10.0.40219.1
Project("{FAE04EC0-301F-11D3-BF4B-00C04F79EFBC}") = "Demo01StringsInts", "Demo01StringsInts\Demo01StringsInts.csproj", "{A61147C6-5D67-4955-9114-69AD5F3220E6}"
EndProject
Global
	GlobalSection(SolutionConfigurationPlatforms) = preSolution
		Debug|Any CPU = Debug|Any CPU
		Release|Any CPU = Release|Any CPU
	EndGlobalSection
	GlobalSection(ProjectConfigurationPlatforms) = postSolution
		{A61147C6-5D67-4955-9114-69AD5F3220E6}.Debug|Any CPU.ActiveCfg = Debug|Any CPU
		{A61147C6-5D67-4955-9114-69AD5F3220E6}.Debug|Any CPU.Build.0 = Debug|Any CPU
		{A61147C6-5D67-4955-9114-69AD5F3220E6}.Release|Any CPU.ActiveCfg = Release|Any CPU
		{A61147C6-5D67-4955-9114-69AD5F3220E6}.Release|Any CPU.Build.0 = Release|Any CPU
	EndGlobalSection
	GlobalSection(SolutionProperties) = preSolution
		HideSolutionNode = FALSE
	EndGlobalSection
	GlobalSection(ExtensibilityGlobals) = postSolution
		SolutionGuid = {0CD890C8-7677-4147-9F38-0D9B1B97573A}
	EndGlobalSection
EndGlobal
