
Microsoft Visual Studio Solution File, Format Version 12.00
# Visual Studio Version 17
VisualStudioVersion = 17.11.35208.52
MinimumVisualStudioVersion = 10.0.40219.1
Project("{FAE04EC0-301F-11D3-BF4B-00C04F79EFBC}") = "ConsoleApp1", "ConsoleApp1\ConsoleApp1.csproj", "{1321B72C-5924-44FF-BA28-933D2F06DE4A}"
EndProject
Global
	GlobalSection(SolutionConfigurationPlatforms) = preSolution
		Debug|Any CPU = Debug|Any CPU
		Release|Any CPU = Release|Any CPU
	EndGlobalSection
	GlobalSection(ProjectConfigurationPlatforms) = postSolution
		{1321B72C-5924-44FF-BA28-933D2F06DE4A}.Debug|Any CPU.ActiveCfg = Debug|Any CPU
		{1321B72C-5924-44FF-BA28-933D2F06DE4A}.Debug|Any CPU.Build.0 = Debug|Any CPU
		{1321B72C-5924-44FF-BA28-933D2F06DE4A}.Release|Any CPU.ActiveCfg = Release|Any CPU
		{1321B72C-5924-44FF-BA28-933D2F06DE4A}.Release|Any CPU.Build.0 = Release|Any CPU
	EndGlobalSection
	GlobalSection(SolutionProperties) = preSolution
		HideSolutionNode = FALSE
	EndGlobalSection
	GlobalSection(ExtensibilityGlobals) = postSolution
		SolutionGuid = {37E5A19C-98AF-41FF-8631-6A485F078A98}
	EndGlobalSection
EndGlobal
