
Microsoft Visual Studio Solution File, Format Version 12.00
# Visual Studio Version 17
VisualStudioVersion = 17.11.35208.52
MinimumVisualStudioVersion = 10.0.40219.1
Project("{9A19103F-16F7-4668-BE54-9A1E7A4F7556}") = "ch08demomenulistcurd", "ch08demomenulistcurd\ch08demomenulistcurd.csproj", "{21CB235C-E61A-43B7-AAF9-8813162A1003}"
EndProject
Global
	GlobalSection(SolutionConfigurationPlatforms) = preSolution
		Debug|Any CPU = Debug|Any CPU
		Release|Any CPU = Release|Any CPU
	EndGlobalSection
	GlobalSection(ProjectConfigurationPlatforms) = postSolution
		{21CB235C-E61A-43B7-AAF9-8813162A1003}.Debug|Any CPU.ActiveCfg = Debug|Any CPU
		{21CB235C-E61A-43B7-AAF9-8813162A1003}.Debug|Any CPU.Build.0 = Debug|Any CPU
		{21CB235C-E61A-43B7-AAF9-8813162A1003}.Release|Any CPU.ActiveCfg = Release|Any CPU
		{21CB235C-E61A-43B7-AAF9-8813162A1003}.Release|Any CPU.Build.0 = Release|Any CPU
	EndGlobalSection
	GlobalSection(SolutionProperties) = preSolution
		HideSolutionNode = FALSE
	EndGlobalSection
	GlobalSection(ExtensibilityGlobals) = postSolution
		SolutionGuid = {3E16C164-E6FD-4037-BFE7-EC08F0C819DB}
	EndGlobalSection
EndGlobal
