
Microsoft Visual Studio Solution File, Format Version 12.00
# Visual Studio Version 17
VisualStudioVersion = 17.11.35208.52
MinimumVisualStudioVersion = 10.0.40219.1
Project("{FAE04EC0-301F-11D3-BF4B-00C04F79EFBC}") = "Product_class_inheritance", "Product_class_inheritance\Product_class_inheritance.csproj", "{D01732A7-4393-4582-8B20-729BA3101697}"
EndProject
Global
	GlobalSection(SolutionConfigurationPlatforms) = preSolution
		Debug|Any CPU = Debug|Any CPU
		Release|Any CPU = Release|Any CPU
	EndGlobalSection
	GlobalSection(ProjectConfigurationPlatforms) = postSolution
		{D01732A7-4393-4582-8B20-729BA3101697}.Debug|Any CPU.ActiveCfg = Debug|Any CPU
		{D01732A7-4393-4582-8B20-729BA3101697}.Debug|Any CPU.Build.0 = Debug|Any CPU
		{D01732A7-4393-4582-8B20-729BA3101697}.Release|Any CPU.ActiveCfg = Release|Any CPU
		{D01732A7-4393-4582-8B20-729BA3101697}.Release|Any CPU.Build.0 = Release|Any CPU
	EndGlobalSection
	GlobalSection(SolutionProperties) = preSolution
		HideSolutionNode = FALSE
	EndGlobalSection
	GlobalSection(ExtensibilityGlobals) = postSolution
		SolutionGuid = {E98F77E3-E2CF-4AA6-8E84-0075C56E429A}
	EndGlobalSection
EndGlobal
