
Microsoft Visual Studio Solution File, Format Version 12.00
# Visual Studio Version 17
VisualStudioVersion = 17.11.35208.52
MinimumVisualStudioVersion = 10.0.40219.1
Project("{FAE04EC0-301F-11D3-BF4B-00C04F79EFBC}") = "Project12demo_book", "Project12demo_book\Project12demo_book.csproj", "{469300BF-C900-467D-9D82-2358D440D1C1}"
EndProject
Global
	GlobalSection(SolutionConfigurationPlatforms) = preSolution
		Debug|Any CPU = Debug|Any CPU
		Release|Any CPU = Release|Any CPU
	EndGlobalSection
	GlobalSection(ProjectConfigurationPlatforms) = postSolution
		{469300BF-C900-467D-9D82-2358D440D1C1}.Debug|Any CPU.ActiveCfg = Debug|Any CPU
		{469300BF-C900-467D-9D82-2358D440D1C1}.Debug|Any CPU.Build.0 = Debug|Any CPU
		{469300BF-C900-467D-9D82-2358D440D1C1}.Release|Any CPU.ActiveCfg = Release|Any CPU
		{469300BF-C900-467D-9D82-2358D440D1C1}.Release|Any CPU.Build.0 = Release|Any CPU
	EndGlobalSection
	GlobalSection(SolutionProperties) = preSolution
		HideSolutionNode = FALSE
	EndGlobalSection
	GlobalSection(ExtensibilityGlobals) = postSolution
		SolutionGuid = {ED36D86F-D6EC-44C6-83C2-FCD568F1D4EB}
	EndGlobalSection
EndGlobal
